
Microsoft Visual Studio Solution File, Format Version 12.00
# Visual Studio 2017
Project("{FAE04EC0-301F-11D3-BF4B-00C04F79EFBC}") = "WaterProject.Plugins", "WaterProject.Plugins.csproj", "{BF86EFD0-A637-36B0-00F1-C66DD8D6C8B7}"
EndProject
Project("{FAE04EC0-301F-11D3-BF4B-00C04F79EFBC}") = "WaterProject", "WaterProject.csproj", "{1CDB05C4-7FD4-DE54-2260-80486AFE015D}"
EndProject
Global
	GlobalSection(SolutionConfigurationPlatforms) = preSolution
		Debug|Any CPU = Debug|Any CPU
		Release|Any CPU = Release|Any CPU
	EndGlobalSection
	GlobalSection(ProjectConfigurationPlatforms) = postSolution
		{BF86EFD0-A637-36B0-00F1-C66DD8D6C8B7}.Debug|Any CPU.ActiveCfg = Debug|Any CPU
		{BF86EFD0-A637-36B0-00F1-C66DD8D6C8B7}.Debug|Any CPU.Build.0 = Debug|Any CPU
		{BF86EFD0-A637-36B0-00F1-C66DD8D6C8B7}.Release|Any CPU.ActiveCfg = Release|Any CPU
		{BF86EFD0-A637-36B0-00F1-C66DD8D6C8B7}.Release|Any CPU.Build.0 = Release|Any CPU
		{1CDB05C4-7FD4-DE54-2260-80486AFE015D}.Debug|Any CPU.ActiveCfg = Debug|Any CPU
		{1CDB05C4-7FD4-DE54-2260-80486AFE015D}.Debug|Any CPU.Build.0 = Debug|Any CPU
		{1CDB05C4-7FD4-DE54-2260-80486AFE015D}.Release|Any CPU.ActiveCfg = Release|Any CPU
		{1CDB05C4-7FD4-DE54-2260-80486AFE015D}.Release|Any CPU.Build.0 = Release|Any CPU
	EndGlobalSection
	GlobalSection(SolutionProperties) = preSolution
		HideSolutionNode = FALSE
	EndGlobalSection
EndGlobal
